
Microsoft Visual Studio Solution File, Format Version 12.00
# Visual Studio Version 17
VisualStudioVersion = 17.0.32014.148
MinimumVisualStudioVersion = 10.0.40219.1
Project("{9A19103F-16F7-4668-BE54-9A1E7A4F7556}") = "ReservationApi", "ReservationApi.csproj", "{47CCFF23-F4F5-492A-8FFD-224384FA637D}"
EndProject
Project("{FAE04EC0-301F-11D3-BF4B-00C04F79EFBC}") = "ReservationSystem.Common", "..\ReservationSystem.Common\ReservationSystem.Common.csproj", "{EBF3EA00-5333-49D8-87FB-4EF911C8A9A1}"
EndProject
Project("{FAE04EC0-301F-11D3-BF4B-00C04F79EFBC}") = "ReservationSystem.Domain", "..\ReservationSystem.Domain\ReservationSystem.Domain.csproj", "{1F337AF7-D584-4A55-BE15-F38D0CC76712}"
EndProject
Project("{FAE04EC0-301F-11D3-BF4B-00C04F79EFBC}") = "ReservationSystem.Infrastructure", "..\ReservationSystem.Infrastructure\ReservationSystem.Infrastructure.csproj", "{6299168A-528D-4197-A79B-38BBEF1986A2}"
EndProject
Global
	GlobalSection(SolutionConfigurationPlatforms) = preSolution
		Debug|Any CPU = Debug|Any CPU
		Release|Any CPU = Release|Any CPU
	EndGlobalSection
	GlobalSection(ProjectConfigurationPlatforms) = postSolution
		{47CCFF23-F4F5-492A-8FFD-224384FA637D}.Debug|Any CPU.ActiveCfg = Debug|Any CPU
		{47CCFF23-F4F5-492A-8FFD-224384FA637D}.Debug|Any CPU.Build.0 = Debug|Any CPU
		{47CCFF23-F4F5-492A-8FFD-224384FA637D}.Release|Any CPU.ActiveCfg = Release|Any CPU
		{47CCFF23-F4F5-492A-8FFD-224384FA637D}.Release|Any CPU.Build.0 = Release|Any CPU
		{EBF3EA00-5333-49D8-87FB-4EF911C8A9A1}.Debug|Any CPU.ActiveCfg = Debug|Any CPU
		{EBF3EA00-5333-49D8-87FB-4EF911C8A9A1}.Debug|Any CPU.Build.0 = Debug|Any CPU
		{EBF3EA00-5333-49D8-87FB-4EF911C8A9A1}.Release|Any CPU.ActiveCfg = Release|Any CPU
		{EBF3EA00-5333-49D8-87FB-4EF911C8A9A1}.Release|Any CPU.Build.0 = Release|Any CPU
		{1F337AF7-D584-4A55-BE15-F38D0CC76712}.Debug|Any CPU.ActiveCfg = Debug|Any CPU
		{1F337AF7-D584-4A55-BE15-F38D0CC76712}.Debug|Any CPU.Build.0 = Debug|Any CPU
		{1F337AF7-D584-4A55-BE15-F38D0CC76712}.Release|Any CPU.ActiveCfg = Release|Any CPU
		{1F337AF7-D584-4A55-BE15-F38D0CC76712}.Release|Any CPU.Build.0 = Release|Any CPU
		{6299168A-528D-4197-A79B-38BBEF1986A2}.Debug|Any CPU.ActiveCfg = Debug|Any CPU
		{6299168A-528D-4197-A79B-38BBEF1986A2}.Debug|Any CPU.Build.0 = Debug|Any CPU
		{6299168A-528D-4197-A79B-38BBEF1986A2}.Release|Any CPU.ActiveCfg = Release|Any CPU
		{6299168A-528D-4197-A79B-38BBEF1986A2}.Release|Any CPU.Build.0 = Release|Any CPU
	EndGlobalSection
	GlobalSection(SolutionProperties) = preSolution
		HideSolutionNode = FALSE
	EndGlobalSection
	GlobalSection(ExtensibilityGlobals) = postSolution
		SolutionGuid = {C4C2586A-CD1E-4194-A406-5DFF2E48F91C}
	EndGlobalSection
EndGlobal
